
Microsoft Visual Studio Solution File, Format Version 12.00
# Visual Studio 14
VisualStudioVersion = 14.0.22512.0
MinimumVisualStudioVersion = 10.0.40219.1
Project("{FAE04EC0-301F-11D3-BF4B-00C04F79EFBC}") = "PBDesk.Channel9.Web", "PBDesk.Channel9.Web\PBDesk.Channel9.Web.csproj", "{3550C11A-D047-4D97-8B1E-42C1D7522E17}"
EndProject
Project("{FAE04EC0-301F-11D3-BF4B-00C04F79EFBC}") = "PBDesk.Channel9.Web.Tests", "PBDesk.Channel9.Web.Tests\PBDesk.Channel9.Web.Tests.csproj", "{6B9F94F5-5F4A-4256-AE69-5C5D6E1D47D9}"
EndProject
Global
	GlobalSection(SolutionConfigurationPlatforms) = preSolution
		Debug|Any CPU = Debug|Any CPU
		Release|Any CPU = Release|Any CPU
	EndGlobalSection
	GlobalSection(ProjectConfigurationPlatforms) = postSolution
		{3550C11A-D047-4D97-8B1E-42C1D7522E17}.Debug|Any CPU.ActiveCfg = Debug|Any CPU
		{3550C11A-D047-4D97-8B1E-42C1D7522E17}.Debug|Any CPU.Build.0 = Debug|Any CPU
		{3550C11A-D047-4D97-8B1E-42C1D7522E17}.Release|Any CPU.ActiveCfg = Release|Any CPU
		{3550C11A-D047-4D97-8B1E-42C1D7522E17}.Release|Any CPU.Build.0 = Release|Any CPU
		{6B9F94F5-5F4A-4256-AE69-5C5D6E1D47D9}.Debug|Any CPU.ActiveCfg = Debug|Any CPU
		{6B9F94F5-5F4A-4256-AE69-5C5D6E1D47D9}.Debug|Any CPU.Build.0 = Debug|Any CPU
		{6B9F94F5-5F4A-4256-AE69-5C5D6E1D47D9}.Release|Any CPU.ActiveCfg = Release|Any CPU
		{6B9F94F5-5F4A-4256-AE69-5C5D6E1D47D9}.Release|Any CPU.Build.0 = Release|Any CPU
	EndGlobalSection
	GlobalSection(SolutionProperties) = preSolution
		HideSolutionNode = FALSE
	EndGlobalSection
EndGlobal
